
Microsoft Visual Studio Solution File, Format Version 12.00
# Visual Studio 15
VisualStudioVersion = 15.0.28010.2003
MinimumVisualStudioVersion = 10.0.40219.1
Project("{FAE04EC0-301F-11D3-BF4B-00C04F79EFBC}") = "MyApp.Android", "MyApp\MyApp.Android\MyApp.Android.csproj", "{F96352F7-C5BE-4491-825D-C4B6DFA652C8}"
EndProject
Project("{FAE04EC0-301F-11D3-BF4B-00C04F79EFBC}") = "MyApp", "MyApp\MyApp\MyApp.csproj", "{6D3B690E-6779-4396-A713-6D0769D9F144}"
EndProject
Global
	GlobalSection(SolutionConfigurationPlatforms) = preSolution
		Debug|Any CPU = Debug|Any CPU
		Release|Any CPU = Release|Any CPU
	EndGlobalSection
	GlobalSection(ProjectConfigurationPlatforms) = postSolution
		{F96352F7-C5BE-4491-825D-C4B6DFA652C8}.Debug|Any CPU.ActiveCfg = Debug|Any CPU
		{F96352F7-C5BE-4491-825D-C4B6DFA652C8}.Debug|Any CPU.Build.0 = Debug|Any CPU
		{F96352F7-C5BE-4491-825D-C4B6DFA652C8}.Debug|Any CPU.Deploy.0 = Debug|Any CPU
		{F96352F7-C5BE-4491-825D-C4B6DFA652C8}.Release|Any CPU.ActiveCfg = Release|Any CPU
		{F96352F7-C5BE-4491-825D-C4B6DFA652C8}.Release|Any CPU.Build.0 = Release|Any CPU
		{F96352F7-C5BE-4491-825D-C4B6DFA652C8}.Release|Any CPU.Deploy.0 = Release|Any CPU
		{6D3B690E-6779-4396-A713-6D0769D9F144}.Debug|Any CPU.ActiveCfg = Debug|Any CPU
		{6D3B690E-6779-4396-A713-6D0769D9F144}.Debug|Any CPU.Build.0 = Debug|Any CPU
		{6D3B690E-6779-4396-A713-6D0769D9F144}.Release|Any CPU.ActiveCfg = Release|Any CPU
		{6D3B690E-6779-4396-A713-6D0769D9F144}.Release|Any CPU.Build.0 = Release|Any CPU
	EndGlobalSection
	GlobalSection(SolutionProperties) = preSolution
		HideSolutionNode = FALSE
	EndGlobalSection
	GlobalSection(ExtensibilityGlobals) = postSolution
		SolutionGuid = {B569FFBB-C2A0-44D3-B292-C8363DB677AC}
	EndGlobalSection
EndGlobal
